
Microsoft Visual Studio Solution File, Format Version 12.00
# Visual Studio Version 17
VisualStudioVersion = 17.12.35527.113 d17.12
MinimumVisualStudioVersion = 10.0.40219.1
Project("{FAE04EC0-301F-11D3-BF4B-00C04F79EFBC}") = "SpeedOrder.Android", "SpeedOrder.Android\SpeedOrder.Android.csproj", "{DC27A633-CED4-45F1-9C65-E337B5DE1C98}"
EndProject
Project("{FAE04EC0-301F-11D3-BF4B-00C04F79EFBC}") = "SpeedOrder", "SpeedOrder\SpeedOrder.csproj", "{FC1DB0BB-C1B7-42D0-B13F-C9FC6E65D4EB}"
EndProject
Global
	GlobalSection(SolutionConfigurationPlatforms) = preSolution
		Debug|Any CPU = Debug|Any CPU
		Release|Any CPU = Release|Any CPU
	EndGlobalSection
	GlobalSection(ProjectConfigurationPlatforms) = postSolution
		{DC27A633-CED4-45F1-9C65-E337B5DE1C98}.Debug|Any CPU.ActiveCfg = Debug|Any CPU
		{DC27A633-CED4-45F1-9C65-E337B5DE1C98}.Debug|Any CPU.Build.0 = Debug|Any CPU
		{DC27A633-CED4-45F1-9C65-E337B5DE1C98}.Debug|Any CPU.Deploy.0 = Debug|Any CPU
		{DC27A633-CED4-45F1-9C65-E337B5DE1C98}.Release|Any CPU.ActiveCfg = Release|Any CPU
		{DC27A633-CED4-45F1-9C65-E337B5DE1C98}.Release|Any CPU.Build.0 = Release|Any CPU
		{DC27A633-CED4-45F1-9C65-E337B5DE1C98}.Release|Any CPU.Deploy.0 = Release|Any CPU
		{FC1DB0BB-C1B7-42D0-B13F-C9FC6E65D4EB}.Debug|Any CPU.ActiveCfg = Debug|Any CPU
		{FC1DB0BB-C1B7-42D0-B13F-C9FC6E65D4EB}.Debug|Any CPU.Build.0 = Debug|Any CPU
		{FC1DB0BB-C1B7-42D0-B13F-C9FC6E65D4EB}.Debug|Any CPU.Deploy.0 = Debug|Any CPU
		{FC1DB0BB-C1B7-42D0-B13F-C9FC6E65D4EB}.Release|Any CPU.ActiveCfg = Release|Any CPU
		{FC1DB0BB-C1B7-42D0-B13F-C9FC6E65D4EB}.Release|Any CPU.Build.0 = Release|Any CPU
		{FC1DB0BB-C1B7-42D0-B13F-C9FC6E65D4EB}.Release|Any CPU.Deploy.0 = Release|Any CPU
	EndGlobalSection
	GlobalSection(SolutionProperties) = preSolution
		HideSolutionNode = FALSE
	EndGlobalSection
EndGlobal
